{
  "nodes": {
    "nixpkgs": {
      "locked": {
        "lastModified": 1765779637,
        "narHash": "sha256-KJ2wa/BLSrTqDjbfyNx70ov/HdgNBCBBSQP3BIzKnv4=",
        "owner": "NixOS",
        "repo": "nixpkgs",
        "rev": "1306659b587dc277866c7b69eb97e5f07864d8c4",
        "type": "github"
      },
      "original": {
        "id": "nixpkgs",
        "ref": "nixos-unstable",
        "type": "indirect"
      }
    },
    "river-src": {
      "flake": false,
      "locked": {
        "lastModified": 1765800115,
        "narHash": "sha256-MeMjk0i773nYzDSwhKBMEpfEt+8Pqgy4Z+b+YM+c8s0=",
        "owner": "riverwm",
        "repo": "river",
        "rev": "673f8772479b2adf6eb1d812cb54d7623d800dc1",
        "type": "github"
      },
      "original": {
        "owner": "riverwm",
        "repo": "river",
        "type": "github"
      }
    },
    "root": {
      "inputs": {
        "nixpkgs": "nixpkgs",
        "river-src": "river-src"
      }
    }
  },
  "root": "root",
  "version": 7
}
