{
  "nodes": {
    "nixpkgs": {
      "locked": {
        "lastModified": 1765779637,
        "narHash": "sha256-KJ2wa/BLSrTqDjbfyNx70ov/HdgNBCBBSQP3BIzKnv4=",
        "owner": "NixOS",
        "repo": "nixpkgs",
        "rev": "1306659b587dc277866c7b69eb97e5f07864d8c4",
        "type": "github"
      },
      "original": {
        "id": "nixpkgs",
        "ref": "nixos-unstable",
        "type": "indirect"
      }
    },
    "river-src": {
      "flake": false,
      "locked": {
        "lastModified": 1766070307,
        "narHash": "sha256-yMBcSMWwO6S7nTUQpiOW64OHVgSJzGr6e3ZMKtPqo4A=",
        "path": "/home/pinpox/code/codeberg.org/river/river",
        "type": "path"
      },
      "original": {
        "owner": "riverwm",
        "repo": "river",
        "type": "github"
      }
    },
    "root": {
      "inputs": {
        "nixpkgs": "nixpkgs",
        "river-src": "river-src"
      }
    }
  },
  "root": "root",
  "version": 7
}
